// !$*UTF8*$!
{
	archiveVersion = 1;
	classes = {
	};
	objectVersion = 50;
	objects = {

/* Begin PBXBuildFile section */
		52D9780B2385268A00D06061 /* AppDelegate.swift in Sources */ = {isa = PBXBuildFile; fileRef = 52D9780A2385268A00D06061 /* AppDelegate.swift */; };
		52D9780D2385268A00D06061 /* SceneDelegate.swift in Sources */ = {isa = PBXBuildFile; fileRef = 52D9780C2385268A00D06061 /* SceneDelegate.swift */; };
		52D9780F2385268A00D06061 /* ViewController.swift in Sources */ = {isa = PBXBuildFile; fileRef = 52D9780E2385268A00D06061 /* ViewController.swift */; };
		52D978122385268A00D06061 /* Main.storyboard in Resources */ = {isa = PBXBuildFile; fileRef = 52D978102385268A00D06061 /* Main.storyboard */; };
		52D978152385268A00D06061 /* LearningEnglish.xcdatamodeld in Sources */ = {isa = PBXBuildFile; fileRef = 52D978132385268A00D06061 /* LearningEnglish.xcdatamodeld */; };
		52D978172385269000D06061 /* Assets.xcassets in Resources */ = {isa = PBXBuildFile; fileRef = 52D978162385269000D06061 /* Assets.xcassets */; };
		52D9781A2385269000D06061 /* LaunchScreen.storyboard in Resources */ = {isa = PBXBuildFile; fileRef = 52D978182385269000D06061 /* LaunchScreen.storyboard */; };
		52D97827238527B800D06061 /* Article.swift in Sources */ = {isa = PBXBuildFile; fileRef = 52D97826238527B800D06061 /* Article.swift */; };
		52D9782A23852AD400D06061 /* LocalData.swift in Sources */ = {isa = PBXBuildFile; fileRef = 52D9782923852AD400D06061 /* LocalData.swift */; };
/* End PBXBuildFile section */

/* Begin PBXFileReference section */
		52D978072385268A00D06061 /* LearningEnglish.app */ = {isa = PBXFileReference; explicitFileType = wrapper.application; includeInIndex = 0; path = LearningEnglish.app; sourceTree = BUILT_PRODUCTS_DIR; };
		52D9780A2385268A00D06061 /* AppDelegate.swift */ = {isa = PBXFileReference; lastKnownFileType = sourcecode.swift; path = AppDelegate.swift; sourceTree = "<group>"; };
		52D9780C2385268A00D06061 /* SceneDelegate.swift */ = {isa = PBXFileReference; lastKnownFileType = sourcecode.swift; path = SceneDelegate.swift; sourceTree = "<group>"; };
		52D9780E2385268A00D06061 /* ViewController.swift */ = {isa = PBXFileReference; lastKnownFileType = sourcecode.swift; path = ViewController.swift; sourceTree = "<group>"; };
		52D978112385268A00D06061 /* Base */ = {isa = PBXFileReference; lastKnownFileType = file.storyboard; name = Base; path = Base.lproj/Main.storyboard; sourceTree = "<group>"; };
		52D978142385268A00D06061 /* LearningEnglish.xcdatamodel */ = {isa = PBXFileReference; lastKnownFileType = wrapper.xcdatamodel; path = LearningEnglish.xcdatamodel; sourceTree = "<group>"; };
		52D978162385269000D06061 /* Assets.xcassets */ = {isa = PBXFileReference; lastKnownFileType = folder.assetcatalog; path = Assets.xcassets; sourceTree = "<group>"; };
		52D978192385269000D06061 /* Base */ = {isa = PBXFileReference; lastKnownFileType = file.storyboard; name = Base; path = Base.lproj/LaunchScreen.storyboard; sourceTree = "<group>"; };
		52D9781B2385269000D06061 /* Info.plist */ = {isa = PBXFileReference; lastKnownFileType = text.plist.xml; path = Info.plist; sourceTree = "<group>"; };
		52D97826238527B800D06061 /* Article.swift */ = {isa = PBXFileReference; lastKnownFileType = sourcecode.swift; path = Article.swift; sourceTree = "<group>"; };
		52D9782923852AD400D06061 /* LocalData.swift */ = {isa = PBXFileReference; lastKnownFileType = sourcecode.swift; path = LocalData.swift; sourceTree = "<group>"; };
/* End PBXFileReference section */

/* Begin PBXFrameworksBuildPhase section */
		52D978042385268A00D06061 /* Frameworks */ = {
			isa = PBXFrameworksBuildPhase;
			buildActionMask = 2147483647;
			files = (
			);
			runOnlyForDeploymentPostprocessing = 0;
		};
/* End PBXFrameworksBuildPhase section */

/* Begin PBXGroup section */
		52D977FE2385268A00D06061 = {
			isa = PBXGroup;
			children = (
				52D978092385268A00D06061 /* LearningEnglish */,
				52D978082385268A00D06061 /* Products */,
			);
			sourceTree = "<group>";
		};
		52D978082385268A00D06061 /* Products */ = {
			isa = PBXGroup;
			children = (
				52D978072385268A00D06061 /* LearningEnglish.app */,
			);
			name = Products;
			sourceTree = "<group>";
		};
		52D978092385268A00D06061 /* LearningEnglish */ = {
			isa = PBXGroup;
			children = (
				52D9782823852AB000D06061 /* Data */,
				52D978252385277800D06061 /* Models */,
				52D97821238526C100D06061 /* App */,
				52D978222385270C00D06061 /* Controllers */,
				52D978232385272700D06061 /* Views */,
				52D978242385273900D06061 /* Resources */,
				52D978132385268A00D06061 /* LearningEnglish.xcdatamodeld */,
			);
			path = LearningEnglish;
			sourceTree = "<group>";
		};
		52D97821238526C100D06061 /* App */ = {
			isa = PBXGroup;
			children = (
				52D9780A2385268A00D06061 /* AppDelegate.swift */,
				52D9780C2385268A00D06061 /* SceneDelegate.swift */,
				52D9781B2385269000D06061 /* Info.plist */,
			);
			path = App;
			sourceTree = "<group>";
		};
		52D978222385270C00D06061 /* Controllers */ = {
			isa = PBXGroup;
			children = (
				52D9780E2385268A00D06061 /* ViewController.swift */,
			);
			path = Controllers;
			sourceTree = "<group>";
		};
		52D978232385272700D06061 /* Views */ = {
			isa = PBXGroup;
			children = (
				52D978182385269000D06061 /* LaunchScreen.storyboard */,
				52D978102385268A00D06061 /* Main.storyboard */,
			);
			path = Views;
			sourceTree = "<group>";
		};
		52D978242385273900D06061 /* Resources */ = {
			isa = PBXGroup;
			children = (
				52D978162385269000D06061 /* Assets.xcassets */,
			);
			path = Resources;
			sourceTree = "<group>";
		};
		52D978252385277800D06061 /* Models */ = {
			isa = PBXGroup;
			children = (
				52D97826238527B800D06061 /* Article.swift */,
			);
			path = Models;
			sourceTree = "<group>";
		};
		52D9782823852AB000D06061 /* Data */ = {
			isa = PBXGroup;
			children = (
				52D9782923852AD400D06061 /* LocalData.swift */,
			);
			path = Data;
			sourceTree = "<group>";
		};
/* End PBXGroup section */

/* Begin PBXNativeTarget section */
		52D978062385268A00D06061 /* LearningEnglish */ = {
			isa = PBXNativeTarget;
			buildConfigurationList = 52D9781E2385269000D06061 /* Build configuration list for PBXNativeTarget "LearningEnglish" */;
			buildPhases = (
				52D978032385268A00D06061 /* Sources */,
				52D978042385268A00D06061 /* Frameworks */,
				52D978052385268A00D06061 /* Resources */,
			);
			buildRules = (
			);
			dependencies = (
			);
			name = LearningEnglish;
			productName = LearningEnglish;
			productReference = 52D978072385268A00D06061 /* LearningEnglish.app */;
			productType = "com.apple.product-type.application";
		};
/* End PBXNativeTarget section */

/* Begin PBXProject section */
		52D977FF2385268A00D06061 /* Project object */ = {
			isa = PBXProject;
			attributes = {
				LastSwiftUpdateCheck = 1120;
				LastUpgradeCheck = 1120;
				ORGANIZATIONNAME = test;
				TargetAttributes = {
					52D978062385268A00D06061 = {
						CreatedOnToolsVersion = 11.2.1;
					};
				};
			};
			buildConfigurationList = 52D978022385268A00D06061 /* Build configuration list for PBXProject "LearningEnglish" */;
			compatibilityVersion = "Xcode 9.3";
			developmentRegion = en;
			hasScannedForEncodings = 0;
			knownRegions = (
				en,
				Base,
			);
			mainGroup = 52D977FE2385268A00D06061;
			productRefGroup = 52D978082385268A00D06061 /* Products */;
			projectDirPath = "";
			projectRoot = "";
			targets = (
				52D978062385268A00D06061 /* LearningEnglish */,
			);
		};
/* End PBXProject section */

/* Begin PBXResourcesBuildPhase section */
		52D978052385268A00D06061 /* Resources */ = {
			isa = PBXResourcesBuildPhase;
			buildActionMask = 2147483647;
			files = (
				52D9781A2385269000D06061 /* LaunchScreen.storyboard in Resources */,
				52D978172385269000D06061 /* Assets.xcassets in Resources */,
				52D978122385268A00D06061 /* Main.storyboard in Resources */,
			);
			runOnlyForDeploymentPostprocessing = 0;
		};
/* End PBXResourcesBuildPhase section */

/* Begin PBXSourcesBuildPhase section */
		52D978032385268A00D06061 /* Sources */ = {
			isa = PBXSourcesBuildPhase;
			buildActionMask = 2147483647;
			files = (
				52D9780F2385268A00D06061 /* ViewController.swift in Sources */,
				52D9780B2385268A00D06061 /* AppDelegate.swift in Sources */,
				52D978152385268A00D06061 /* LearningEnglish.xcdatamodeld in Sources */,
				52D9782A23852AD400D06061 /* LocalData.swift in Sources */,
				52D9780D2385268A00D06061 /* SceneDelegate.swift in Sources */,
				52D97827238527B800D06061 /* Article.swift in Sources */,
			);
			runOnlyForDeploymentPostprocessing = 0;
		};
/* End PBXSourcesBuildPhase section */

/* Begin PBXVariantGroup section */
		52D978102385268A00D06061 /* Main.storyboard */ = {
			isa = PBXVariantGroup;
			children = (
				52D978112385268A00D06061 /* Base */,
			);
			name = Main.storyboard;
			sourceTree = "<group>";
		};
		52D978182385269000D06061 /* LaunchScreen.storyboard */ = {
			isa = PBXVariantGroup;
			children = (
				52D978192385269000D06061 /* Base */,
			);
			name = LaunchScreen.storyboard;
			sourceTree = "<group>";
		};
/* End PBXVariantGroup section */

/* Begin XCBuildConfiguration section */
		52D9781C2385269000D06061 /* Debug */ = {
			isa = XCBuildConfiguration;
			buildSettings = {
				ALWAYS_SEARCH_USER_PATHS = NO;
				CLANG_ANALYZER_NONNULL = YES;
				CLANG_ANALYZER_NUMBER_OBJECT_CONVERSION = YES_AGGRESSIVE;
				CLANG_CXX_LANGUAGE_STANDARD = "gnu++14";
				CLANG_CXX_LIBRARY = "libc++";
				CLANG_ENABLE_MODULES = YES;
				CLANG_ENABLE_OBJC_ARC = YES;
				CLANG_ENABLE_OBJC_WEAK = YES;
				CLANG_WARN_BLOCK_CAPTURE_AUTORELEASING = YES;
				CLANG_WARN_BOOL_CONVERSION = YES;
				CLANG_WARN_COMMA = YES;
				CLANG_WARN_CONSTANT_CONVERSION = YES;
				CLANG_WARN_DEPRECATED_OBJC_IMPLEMENTATIONS = YES;
				CLANG_WARN_DIRECT_OBJC_ISA_USAGE = YES_ERROR;
				CLANG_WARN_DOCUMENTATION_COMMENTS = YES;
				CLANG_WARN_EMPTY_BODY = YES;
				CLANG_WARN_ENUM_CONVERSION = YES;
				CLANG_WARN_INFINITE_RECURSION = YES;
				CLANG_WARN_INT_CONVERSION = YES;
				CLANG_WARN_NON_LITERAL_NULL_CONVERSION = YES;
				CLANG_WARN_OBJC_IMPLICIT_RETAIN_SELF = YES;
				CLANG_WARN_OBJC_LITERAL_CONVERSION = YES;
				CLANG_WARN_OBJC_ROOT_CLASS = YES_ERROR;
				CLANG_WARN_RANGE_LOOP_ANALYSIS = YES;
				CLANG_WARN_STRICT_PROTOTYPES = YES;
				CLANG_WARN_SUSPICIOUS_MOVE = YES;
				CLANG_WARN_UNGUARDED_AVAILABILITY = YES_AGGRESSIVE;
				CLANG_WARN_UNREACHABLE_CODE = YES;
				CLANG_WARN__DUPLICATE_METHOD_MATCH = YES;
				COPY_PHASE_STRIP = NO;
				DEBUG_INFORMATION_FORMAT = dwarf;
				ENABLE_STRICT_OBJC_MSGSEND = YES;
				ENABLE_TESTABILITY = YES;
				GCC_C_LANGUAGE_STANDARD = gnu11;
				GCC_DYNAMIC_NO_PIC = NO;
				GCC_NO_COMMON_BLOCKS = YES;
				GCC_OPTIMIZATION_LEVEL = 0;
				GCC_PREPROCESSOR_DEFINITIONS = (
					"DEBUG=1",
					"$(inherited)",
				);
				GCC_WARN_64_TO_32_BIT_CONVERSION = YES;
				GCC_WARN_ABOUT_RETURN_TYPE = YES_ERROR;
				GCC_WARN_UNDECLARED_SELECTOR = YES;
				GCC_WARN_UNINITIALIZED_AUTOS = YES_AGGRESSIVE;
				GCC_WARN_UNUSED_FUNCTION = YES;
				GCC_WARN_UNUSED_VARIABLE = YES;
				IPHONEOS_DEPLOYMENT_TARGET = 13.2;
				MTL_ENABLE_DEBUG_INFO = INCLUDE_SOURCE;
				MTL_FAST_MATH = YES;
				ONLY_ACTIVE_ARCH = YES;
				SDKROOT = iphoneos;
				SWIFT_ACTIVE_COMPILATION_CONDITIONS = DEBUG;
				SWIFT_OPTIMIZATION_LEVEL = "-Onone";
			};
			name = Debug;
		};
		52D9781D2385269000D06061 /* Release */ = {
			isa = XCBuildConfiguration;
			buildSettings = {
				ALWAYS_SEARCH_USER_PATHS = NO;
				CLANG_ANALYZER_NONNULL = YES;
				CLANG_ANALYZER_NUMBER_OBJECT_CONVERSION = YES_AGGRESSIVE;
				CLANG_CXX_LANGUAGE_STANDARD = "gnu++14";
				CLANG_CXX_LIBRARY = "libc++";
				CLANG_ENABLE_MODULES = YES;
				CLANG_ENABLE_OBJC_ARC = YES;
				CLANG_ENABLE_OBJC_WEAK = YES;
				CLANG_WARN_BLOCK_CAPTURE_AUTORELEASING = YES;
				CLANG_WARN_BOOL_CONVERSION = YES;
				CLANG_WARN_COMMA = YES;
				CLANG_WARN_CONSTANT_CONVERSION = YES;
				CLANG_WARN_DEPRECATED_OBJC_IMPLEMENTATIONS = YES;
				CLANG_WARN_DIRECT_OBJC_ISA_USAGE = YES_ERROR;
				CLANG_WARN_DOCUMENTATION_COMMENTS = YES;
				CLANG_WARN_EMPTY_BODY = YES;
				CLANG_WARN_ENUM_CONVERSION = YES;
				CLANG_WARN_INFINITE_RECURSION = YES;
				CLANG_WARN_INT_CONVERSION = YES;
				CLANG_WARN_NON_LITERAL_NULL_CONVERSION = YES;
				CLANG_WARN_OBJC_IMPLICIT_RETAIN_SELF = YES;
				CLANG_WARN_OBJC_LITERAL_CONVERSION = YES;
				CLANG_WARN_OBJC_ROOT_CLASS = YES_ERROR;
				CLANG_WARN_RANGE_LOOP_ANALYSIS = YES;
				CLANG_WARN_STRICT_PROTOTYPES = YES;
				CLANG_WARN_SUSPICIOUS_MOVE = YES;
				CLANG_WARN_UNGUARDED_AVAILABILITY = YES_AGGRESSIVE;
				CLANG_WARN_UNREACHABLE_CODE = YES;
				CLANG_WARN__DUPLICATE_METHOD_MATCH = YES;
				COPY_PHASE_STRIP = NO;
				DEBUG_INFORMATION_FORMAT = "dwarf-with-dsym";
				ENABLE_NS_ASSERTIONS = NO;
				ENABLE_STRICT_OBJC_MSGSEND = YES;
				GCC_C_LANGUAGE_STANDARD = gnu11;
				GCC_NO_COMMON_BLOCKS = YES;
				GCC_WARN_64_TO_32_BIT_CONVERSION = YES;
				GCC_WARN_ABOUT_RETURN_TYPE = YES_ERROR;
				GCC_WARN_UNDECLARED_SELECTOR = YES;
				GCC_WARN_UNINITIALIZED_AUTOS = YES_AGGRESSIVE;
				GCC_WARN_UNUSED_FUNCTION = YES;
				GCC_WARN_UNUSED_VARIABLE = YES;
				IPHONEOS_DEPLOYMENT_TARGET = 13.2;
				MTL_ENABLE_DEBUG_INFO = NO;
				MTL_FAST_MATH = YES;
				SDKROOT = iphoneos;
				SWIFT_COMPILATION_MODE = wholemodule;
				SWIFT_OPTIMIZATION_LEVEL = "-O";
				VALIDATE_PRODUCT = YES;
			};
			name = Release;
		};
		52D9781F2385269000D06061 /* Debug */ = {
			isa = XCBuildConfiguration;
			buildSettings = {
				ASSETCATALOG_COMPILER_APPICON_NAME = AppIcon;
				CODE_SIGN_STYLE = Automatic;
				DEVELOPMENT_TEAM = 2X2VGHTNU5;
				INFOPLIST_FILE = LearningEnglish/App/Info.plist;
				LD_RUNPATH_SEARCH_PATHS = (
					"$(inherited)",
					"@executable_path/Frameworks",
				);
				PRODUCT_BUNDLE_IDENTIFIER = ru.flat112.LearningEnglish;
				PRODUCT_NAME = "$(TARGET_NAME)";
				SWIFT_VERSION = 5.0;
				TARGETED_DEVICE_FAMILY = "1,2";
			};
			name = Debug;
		};
		52D978202385269000D06061 /* Release */ = {
			isa = XCBuildConfiguration;
			buildSettings = {
				ASSETCATALOG_COMPILER_APPICON_NAME = AppIcon;
				CODE_SIGN_STYLE = Automatic;
				DEVELOPMENT_TEAM = 2X2VGHTNU5;
				INFOPLIST_FILE = LearningEnglish/App/Info.plist;
				LD_RUNPATH_SEARCH_PATHS = (
					"$(inherited)",
					"@executable_path/Frameworks",
				);
				PRODUCT_BUNDLE_IDENTIFIER = ru.flat112.LearningEnglish;
				PRODUCT_NAME = "$(TARGET_NAME)";
				SWIFT_VERSION = 5.0;
				TARGETED_DEVICE_FAMILY = "1,2";
			};
			name = Release;
		};
/* End XCBuildConfiguration section */

/* Begin XCConfigurationList section */
		52D978022385268A00D06061 /* Build configuration list for PBXProject "LearningEnglish" */ = {
			isa = XCConfigurationList;
			buildConfigurations = (
				52D9781C2385269000D06061 /* Debug */,
				52D9781D2385269000D06061 /* Release */,
			);
			defaultConfigurationIsVisible = 0;
			defaultConfigurationName = Release;
		};
		52D9781E2385269000D06061 /* Build configuration list for PBXNativeTarget "LearningEnglish" */ = {
			isa = XCConfigurationList;
			buildConfigurations = (
				52D9781F2385269000D06061 /* Debug */,
				52D978202385269000D06061 /* Release */,
			);
			defaultConfigurationIsVisible = 0;
			defaultConfigurationName = Release;
		};
/* End XCConfigurationList section */

/* Begin XCVersionGroup section */
		52D978132385268A00D06061 /* LearningEnglish.xcdatamodeld */ = {
			isa = XCVersionGroup;
			children = (
				52D978142385268A00D06061 /* LearningEnglish.xcdatamodel */,
			);
			currentVersion = 52D978142385268A00D06061 /* LearningEnglish.xcdatamodel */;
			path = LearningEnglish.xcdatamodeld;
			sourceTree = "<group>";
			versionGroupType = wrapper.xcdatamodel;
		};
/* End XCVersionGroup section */
	};
	rootObject = 52D977FF2385268A00D06061 /* Project object */;
}
